
Microsoft Visual Studio Solution File, Format Version 12.00
# Visual Studio Version 16
VisualStudioVersion = 16.0.30907.101
MinimumVisualStudioVersion = 10.0.40219.1
Project("{9A19103F-16F7-4668-BE54-9A1E7A4F7556}") = "Lapack.Net", "Lapack.Net\Lapack.Net.csproj", "{70980E12-1BAE-4DCD-B042-305ACAA07B2B}"
EndProject
Project("{9A19103F-16F7-4668-BE54-9A1E7A4F7556}") = "Lapack.Net.UnitTests", "Lapack.Net.UnitTests\Lapack.Net.UnitTests.csproj", "{0BBF496D-9032-457F-AA62-12E1B4C33EBA}"
	ProjectSection(ProjectDependencies) = postProject
		{70980E12-1BAE-4DCD-B042-305ACAA07B2B} = {70980E12-1BAE-4DCD-B042-305ACAA07B2B}
	EndProjectSection
EndProject
Project("{9A19103F-16F7-4668-BE54-9A1E7A4F7556}") = "Lapack.Net.PerformanceTests", "Lapack.Net.PerformanceTests\Lapack.Net.PerformanceTests.csproj", "{B080D541-4281-45F5-8D4A-B7AC6DD2C30E}"
	ProjectSection(ProjectDependencies) = postProject
		{70980E12-1BAE-4DCD-B042-305ACAA07B2B} = {70980E12-1BAE-4DCD-B042-305ACAA07B2B}
	EndProjectSection
EndProject
Global
	GlobalSection(SolutionConfigurationPlatforms) = preSolution
		Debug|Any CPU = Debug|Any CPU
		Release|Any CPU = Release|Any CPU
	EndGlobalSection
	GlobalSection(ProjectConfigurationPlatforms) = postSolution
		{70980E12-1BAE-4DCD-B042-305ACAA07B2B}.Debug|Any CPU.ActiveCfg = Debug|Any CPU
		{70980E12-1BAE-4DCD-B042-305ACAA07B2B}.Debug|Any CPU.Build.0 = Debug|Any CPU
		{70980E12-1BAE-4DCD-B042-305ACAA07B2B}.Release|Any CPU.ActiveCfg = Release|Any CPU
		{70980E12-1BAE-4DCD-B042-305ACAA07B2B}.Release|Any CPU.Build.0 = Release|Any CPU
		{0BBF496D-9032-457F-AA62-12E1B4C33EBA}.Debug|Any CPU.ActiveCfg = Debug|Any CPU
		{0BBF496D-9032-457F-AA62-12E1B4C33EBA}.Debug|Any CPU.Build.0 = Debug|Any CPU
		{0BBF496D-9032-457F-AA62-12E1B4C33EBA}.Release|Any CPU.ActiveCfg = Release|Any CPU
		{0BBF496D-9032-457F-AA62-12E1B4C33EBA}.Release|Any CPU.Build.0 = Release|Any CPU
		{B080D541-4281-45F5-8D4A-B7AC6DD2C30E}.Debug|Any CPU.ActiveCfg = Debug|Any CPU
		{B080D541-4281-45F5-8D4A-B7AC6DD2C30E}.Debug|Any CPU.Build.0 = Debug|Any CPU
		{B080D541-4281-45F5-8D4A-B7AC6DD2C30E}.Release|Any CPU.ActiveCfg = Release|Any CPU
		{B080D541-4281-45F5-8D4A-B7AC6DD2C30E}.Release|Any CPU.Build.0 = Release|Any CPU
	EndGlobalSection
	GlobalSection(SolutionProperties) = preSolution
		HideSolutionNode = FALSE
	EndGlobalSection
	GlobalSection(ExtensibilityGlobals) = postSolution
		SolutionGuid = {5BC5F9AE-2DB3-481F-961F-23EFDA75C748}
	EndGlobalSection
EndGlobal
